// !$*UTF8*$!
{
	archiveVersion = 1;
	classes = {
	};
	objectVersion = 55;
	objects = {

/* Begin PBXBuildFile section */
		02389799A9D7DEA88D7D8C43 /* Pods_JSONParsing.framework in Frameworks */ = {isa = PBXBuildFile; fileRef = 6D2C89D96E392350FEF5FCBF /* Pods_JSONParsing.framework */; };
		74DF88D02D2577F20097824C /* Sheet.storyboard in Resources */ = {isa = PBXBuildFile; fileRef = 74DF88CE2D2577F20097824C /* Sheet.storyboard */; };
		74DF88D12D2577F20097824C /* SheetViewController.swift in Sources */ = {isa = PBXBuildFile; fileRef = 74DF88CF2D2577F20097824C /* SheetViewController.swift */; };
		89721B5C289D7B020064CCBE /* BookViewController.swift in Sources */ = {isa = PBXBuildFile; fileRef = 89721B5B289D7B020064CCBE /* BookViewController.swift */; };
		9B09CBF227F3505100011E78 /* courses.json in Resources */ = {isa = PBXBuildFile; fileRef = 9B09CBF127F3505100011E78 /* courses.json */; };
		9B09CBF427F350AC00011E78 /* Courses.swift in Sources */ = {isa = PBXBuildFile; fileRef = 9B09CBF327F350AC00011E78 /* Courses.swift */; };
		9BC1685527F0AAC500F25AD2 /* AppDelegate.swift in Sources */ = {isa = PBXBuildFile; fileRef = 9BC1685427F0AAC500F25AD2 /* AppDelegate.swift */; };
		9BC1685727F0AAC500F25AD2 /* SceneDelegate.swift in Sources */ = {isa = PBXBuildFile; fileRef = 9BC1685627F0AAC500F25AD2 /* SceneDelegate.swift */; };
		9BC1685E27F0AAC500F25AD2 /* Assets.xcassets in Resources */ = {isa = PBXBuildFile; fileRef = 9BC1685D27F0AAC500F25AD2 /* Assets.xcassets */; };
		9BC1686127F0AAC500F25AD2 /* LaunchScreen.storyboard in Resources */ = {isa = PBXBuildFile; fileRef = 9BC1685F27F0AAC500F25AD2 /* LaunchScreen.storyboard */; };
		9BC1686927F0B13400F25AD2 /* HomeViewController.swift in Sources */ = {isa = PBXBuildFile; fileRef = 9BC1686827F0B13400F25AD2 /* HomeViewController.swift */; };
		9BC1686B27F0B22400F25AD2 /* HomeTableViewCell.swift in Sources */ = {isa = PBXBuildFile; fileRef = 9BC1686A27F0B22400F25AD2 /* HomeTableViewCell.swift */; };
		9BC1686D27F0B45800F25AD2 /* BaseTabBarController.swift in Sources */ = {isa = PBXBuildFile; fileRef = 9BC1686C27F0B45800F25AD2 /* BaseTabBarController.swift */; };
/* End PBXBuildFile section */

/* Begin PBXFileReference section */
		0F31FF8CC8299FE44B04DF91 /* Pods-JSONParsing.release.xcconfig */ = {isa = PBXFileReference; includeInIndex = 1; lastKnownFileType = text.xcconfig; name = "Pods-JSONParsing.release.xcconfig"; path = "Target Support Files/Pods-JSONParsing/Pods-JSONParsing.release.xcconfig"; sourceTree = "<group>"; };
		6D2C89D96E392350FEF5FCBF /* Pods_JSONParsing.framework */ = {isa = PBXFileReference; explicitFileType = wrapper.framework; includeInIndex = 0; path = Pods_JSONParsing.framework; sourceTree = BUILT_PRODUCTS_DIR; };
		74DF88CE2D2577F20097824C /* Sheet.storyboard */ = {isa = PBXFileReference; lastKnownFileType = file.storyboard; path = Sheet.storyboard; sourceTree = "<group>"; };
		74DF88CF2D2577F20097824C /* SheetViewController.swift */ = {isa = PBXFileReference; lastKnownFileType = sourcecode.swift; path = SheetViewController.swift; sourceTree = "<group>"; };
		89721B5B289D7B020064CCBE /* BookViewController.swift */ = {isa = PBXFileReference; lastKnownFileType = sourcecode.swift; path = BookViewController.swift; sourceTree = "<group>"; };
		9B09CBF127F3505100011E78 /* courses.json */ = {isa = PBXFileReference; fileEncoding = 4; lastKnownFileType = text.json; path = courses.json; sourceTree = "<group>"; };
		9B09CBF327F350AC00011E78 /* Courses.swift */ = {isa = PBXFileReference; lastKnownFileType = sourcecode.swift; path = Courses.swift; sourceTree = "<group>"; };
		9B32C8E827F1741800AAC93B /* 解析普通的JSON数据.playground */ = {isa = PBXFileReference; lastKnownFileType = file.playground; path = "解析普通的JSON数据.playground"; sourceTree = "<group>"; xcLanguageSpecificationIdentifier = xcode.lang.swift; };
		9BC1685127F0AAC500F25AD2 /* JSONParsing.app */ = {isa = PBXFileReference; explicitFileType = wrapper.application; includeInIndex = 0; path = JSONParsing.app; sourceTree = BUILT_PRODUCTS_DIR; };
		9BC1685427F0AAC500F25AD2 /* AppDelegate.swift */ = {isa = PBXFileReference; lastKnownFileType = sourcecode.swift; path = AppDelegate.swift; sourceTree = "<group>"; };
		9BC1685627F0AAC500F25AD2 /* SceneDelegate.swift */ = {isa = PBXFileReference; lastKnownFileType = sourcecode.swift; path = SceneDelegate.swift; sourceTree = "<group>"; };
		9BC1685D27F0AAC500F25AD2 /* Assets.xcassets */ = {isa = PBXFileReference; lastKnownFileType = folder.assetcatalog; path = Assets.xcassets; sourceTree = "<group>"; };
		9BC1686027F0AAC500F25AD2 /* Base */ = {isa = PBXFileReference; lastKnownFileType = file.storyboard; name = Base; path = Base.lproj/LaunchScreen.storyboard; sourceTree = "<group>"; };
		9BC1686227F0AAC500F25AD2 /* Info.plist */ = {isa = PBXFileReference; lastKnownFileType = text.plist.xml; path = Info.plist; sourceTree = "<group>"; };
		9BC1686827F0B13400F25AD2 /* HomeViewController.swift */ = {isa = PBXFileReference; lastKnownFileType = sourcecode.swift; path = HomeViewController.swift; sourceTree = "<group>"; };
		9BC1686A27F0B22400F25AD2 /* HomeTableViewCell.swift */ = {isa = PBXFileReference; lastKnownFileType = sourcecode.swift; path = HomeTableViewCell.swift; sourceTree = "<group>"; };
		9BC1686C27F0B45800F25AD2 /* BaseTabBarController.swift */ = {isa = PBXFileReference; lastKnownFileType = sourcecode.swift; path = BaseTabBarController.swift; sourceTree = "<group>"; };
		9BC3E98727F1CEFA00F2C6FC /* 解析数组类型的JSON数据.playground */ = {isa = PBXFileReference; lastKnownFileType = file.playground; path = "解析数组类型的JSON数据.playground"; sourceTree = "<group>"; xcLanguageSpecificationIdentifier = xcode.lang.swift; };
		9BC3E98827F1E09B00F2C6FC /* 自定义映射.playground */ = {isa = PBXFileReference; lastKnownFileType = file.playground; path = "自定义映射.playground"; sourceTree = "<group>"; xcLanguageSpecificationIdentifier = xcode.lang.swift; };
		D7E335E8B6FE57D9E7585271 /* Pods-JSONParsing.debug.xcconfig */ = {isa = PBXFileReference; includeInIndex = 1; lastKnownFileType = text.xcconfig; name = "Pods-JSONParsing.debug.xcconfig"; path = "Target Support Files/Pods-JSONParsing/Pods-JSONParsing.debug.xcconfig"; sourceTree = "<group>"; };
/* End PBXFileReference section */

/* Begin PBXFrameworksBuildPhase section */
		9BC1684E27F0AAC500F25AD2 /* Frameworks */ = {
			isa = PBXFrameworksBuildPhase;
			buildActionMask = 2147483647;
			files = (
				02389799A9D7DEA88D7D8C43 /* Pods_JSONParsing.framework in Frameworks */,
			);
			runOnlyForDeploymentPostprocessing = 0;
		};
/* End PBXFrameworksBuildPhase section */

/* Begin PBXGroup section */
		0498589426E8F1C2B94557EA /* Frameworks */ = {
			isa = PBXGroup;
			children = (
				6D2C89D96E392350FEF5FCBF /* Pods_JSONParsing.framework */,
			);
			name = Frameworks;
			sourceTree = "<group>";
		};
		4CFC30160E7679F15368A623 /* Pods */ = {
			isa = PBXGroup;
			children = (
				D7E335E8B6FE57D9E7585271 /* Pods-JSONParsing.debug.xcconfig */,
				0F31FF8CC8299FE44B04DF91 /* Pods-JSONParsing.release.xcconfig */,
			);
			path = Pods;
			sourceTree = "<group>";
		};
		74DF88CD2D2575650097824C /* View */ = {
			isa = PBXGroup;
			children = (
				9BC1686A27F0B22400F25AD2 /* HomeTableViewCell.swift */,
			);
			path = View;
			sourceTree = "<group>";
		};
		890C9E0C289EBC54001D2745 /* test */ = {
			isa = PBXGroup;
			children = (
				9B32C8E827F1741800AAC93B /* 解析普通的JSON数据.playground */,
				9BC3E98727F1CEFA00F2C6FC /* 解析数组类型的JSON数据.playground */,
				9BC3E98827F1E09B00F2C6FC /* 自定义映射.playground */,
			);
			path = test;
			sourceTree = "<group>";
		};
		89721B5F289D7B840064CCBE /* Controller */ = {
			isa = PBXGroup;
			children = (
				9BC1686C27F0B45800F25AD2 /* BaseTabBarController.swift */,
				9BC1686827F0B13400F25AD2 /* HomeViewController.swift */,
				89721B5B289D7B020064CCBE /* BookViewController.swift */,
				74DF88CF2D2577F20097824C /* SheetViewController.swift */,
				74DF88CE2D2577F20097824C /* Sheet.storyboard */,
				9B09CBF327F350AC00011E78 /* Courses.swift */,
			);
			path = Controller;
			sourceTree = "<group>";
		};
		9BC1684827F0AAC500F25AD2 = {
			isa = PBXGroup;
			children = (
				890C9E0C289EBC54001D2745 /* test */,
				9BC1685327F0AAC500F25AD2 /* JSONParsing */,
				9BC1685227F0AAC500F25AD2 /* Products */,
				4CFC30160E7679F15368A623 /* Pods */,
				0498589426E8F1C2B94557EA /* Frameworks */,
			);
			sourceTree = "<group>";
		};
		9BC1685227F0AAC500F25AD2 /* Products */ = {
			isa = PBXGroup;
			children = (
				9BC1685127F0AAC500F25AD2 /* JSONParsing.app */,
			);
			name = Products;
			sourceTree = "<group>";
		};
		9BC1685327F0AAC500F25AD2 /* JSONParsing */ = {
			isa = PBXGroup;
			children = (
				74DF88CD2D2575650097824C /* View */,
				89721B5F289D7B840064CCBE /* Controller */,
				9BC1685427F0AAC500F25AD2 /* AppDelegate.swift */,
				9BC1685627F0AAC500F25AD2 /* SceneDelegate.swift */,
				9BC1685D27F0AAC500F25AD2 /* Assets.xcassets */,
				9BC1685F27F0AAC500F25AD2 /* LaunchScreen.storyboard */,
				9BC1686227F0AAC500F25AD2 /* Info.plist */,
				9B09CBF127F3505100011E78 /* courses.json */,
			);
			path = JSONParsing;
			sourceTree = "<group>";
		};
/* End PBXGroup section */

/* Begin PBXNativeTarget section */
		9BC1685027F0AAC500F25AD2 /* JSONParsing */ = {
			isa = PBXNativeTarget;
			buildConfigurationList = 9BC1686527F0AAC500F25AD2 /* Build configuration list for PBXNativeTarget "JSONParsing" */;
			buildPhases = (
				C8B9A2DA3754FEEA76D9BFB3 /* [CP] Check Pods Manifest.lock */,
				9BC1684D27F0AAC500F25AD2 /* Sources */,
				9BC1684E27F0AAC500F25AD2 /* Frameworks */,
				9BC1684F27F0AAC500F25AD2 /* Resources */,
				4E3D693BD87B3D44EA5CB9D4 /* [CP] Embed Pods Frameworks */,
			);
			buildRules = (
			);
			dependencies = (
			);
			name = JSONParsing;
			productName = JSONParsing;
			productReference = 9BC1685127F0AAC500F25AD2 /* JSONParsing.app */;
			productType = "com.apple.product-type.application";
		};
/* End PBXNativeTarget section */

/* Begin PBXProject section */
		9BC1684927F0AAC500F25AD2 /* Project object */ = {
			isa = PBXProject;
			attributes = {
				BuildIndependentTargetsInParallel = 1;
				LastSwiftUpdateCheck = 1330;
				LastUpgradeCheck = 1330;
				TargetAttributes = {
					9BC1685027F0AAC500F25AD2 = {
						CreatedOnToolsVersion = 13.3;
					};
				};
			};
			buildConfigurationList = 9BC1684C27F0AAC500F25AD2 /* Build configuration list for PBXProject "JSONParsing" */;
			compatibilityVersion = "Xcode 13.0";
			developmentRegion = en;
			hasScannedForEncodings = 0;
			knownRegions = (
				en,
				Base,
			);
			mainGroup = 9BC1684827F0AAC500F25AD2;
			productRefGroup = 9BC1685227F0AAC500F25AD2 /* Products */;
			projectDirPath = "";
			projectRoot = "";
			targets = (
				9BC1685027F0AAC500F25AD2 /* JSONParsing */,
			);
		};
/* End PBXProject section */

/* Begin PBXResourcesBuildPhase section */
		9BC1684F27F0AAC500F25AD2 /* Resources */ = {
			isa = PBXResourcesBuildPhase;
			buildActionMask = 2147483647;
			files = (
				74DF88D02D2577F20097824C /* Sheet.storyboard in Resources */,
				9BC1686127F0AAC500F25AD2 /* LaunchScreen.storyboard in Resources */,
				9B09CBF227F3505100011E78 /* courses.json in Resources */,
				9BC1685E27F0AAC500F25AD2 /* Assets.xcassets in Resources */,
			);
			runOnlyForDeploymentPostprocessing = 0;
		};
/* End PBXResourcesBuildPhase section */

/* Begin PBXShellScriptBuildPhase section */
		4E3D693BD87B3D44EA5CB9D4 /* [CP] Embed Pods Frameworks */ = {
			isa = PBXShellScriptBuildPhase;
			buildActionMask = 2147483647;
			files = (
			);
			inputFileListPaths = (
				"${PODS_ROOT}/Target Support Files/Pods-JSONParsing/Pods-JSONParsing-frameworks-${CONFIGURATION}-input-files.xcfilelist",
			);
			name = "[CP] Embed Pods Frameworks";
			outputFileListPaths = (
				"${PODS_ROOT}/Target Support Files/Pods-JSONParsing/Pods-JSONParsing-frameworks-${CONFIGURATION}-output-files.xcfilelist",
			);
			runOnlyForDeploymentPostprocessing = 0;
			shellPath = /bin/sh;
			shellScript = "\"${PODS_ROOT}/Target Support Files/Pods-JSONParsing/Pods-JSONParsing-frameworks.sh\"\n";
			showEnvVarsInLog = 0;
		};
		C8B9A2DA3754FEEA76D9BFB3 /* [CP] Check Pods Manifest.lock */ = {
			isa = PBXShellScriptBuildPhase;
			buildActionMask = 2147483647;
			files = (
			);
			inputFileListPaths = (
			);
			inputPaths = (
				"${PODS_PODFILE_DIR_PATH}/Podfile.lock",
				"${PODS_ROOT}/Manifest.lock",
			);
			name = "[CP] Check Pods Manifest.lock";
			outputFileListPaths = (
			);
			outputPaths = (
				"$(DERIVED_FILE_DIR)/Pods-JSONParsing-checkManifestLockResult.txt",
			);
			runOnlyForDeploymentPostprocessing = 0;
			shellPath = /bin/sh;
			shellScript = "diff \"${PODS_PODFILE_DIR_PATH}/Podfile.lock\" \"${PODS_ROOT}/Manifest.lock\" > /dev/null\nif [ $? != 0 ] ; then\n    # print error to STDERR\n    echo \"error: The sandbox is not in sync with the Podfile.lock. Run 'pod install' or update your CocoaPods installation.\" >&2\n    exit 1\nfi\n# This output is used by Xcode 'outputs' to avoid re-running this script phase.\necho \"SUCCESS\" > \"${SCRIPT_OUTPUT_FILE_0}\"\n";
			showEnvVarsInLog = 0;
		};
/* End PBXShellScriptBuildPhase section */

/* Begin PBXSourcesBuildPhase section */
		9BC1684D27F0AAC500F25AD2 /* Sources */ = {
			isa = PBXSourcesBuildPhase;
			buildActionMask = 2147483647;
			files = (
				9BC1686D27F0B45800F25AD2 /* BaseTabBarController.swift in Sources */,
				9BC1685527F0AAC500F25AD2 /* AppDelegate.swift in Sources */,
				9B09CBF427F350AC00011E78 /* Courses.swift in Sources */,
				9BC1685727F0AAC500F25AD2 /* SceneDelegate.swift in Sources */,
				74DF88D12D2577F20097824C /* SheetViewController.swift in Sources */,
				9BC1686B27F0B22400F25AD2 /* HomeTableViewCell.swift in Sources */,
				89721B5C289D7B020064CCBE /* BookViewController.swift in Sources */,
				9BC1686927F0B13400F25AD2 /* HomeViewController.swift in Sources */,
			);
			runOnlyForDeploymentPostprocessing = 0;
		};
/* End PBXSourcesBuildPhase section */

/* Begin PBXVariantGroup section */
		9BC1685F27F0AAC500F25AD2 /* LaunchScreen.storyboard */ = {
			isa = PBXVariantGroup;
			children = (
				9BC1686027F0AAC500F25AD2 /* Base */,
			);
			name = LaunchScreen.storyboard;
			sourceTree = "<group>";
		};
/* End PBXVariantGroup section */

/* Begin XCBuildConfiguration section */
		9BC1686327F0AAC500F25AD2 /* Debug */ = {
			isa = XCBuildConfiguration;
			buildSettings = {
				ALWAYS_SEARCH_USER_PATHS = NO;
				CLANG_ANALYZER_NONNULL = YES;
				CLANG_ANALYZER_NUMBER_OBJECT_CONVERSION = YES_AGGRESSIVE;
				CLANG_CXX_LANGUAGE_STANDARD = "gnu++17";
				CLANG_ENABLE_MODULES = YES;
				CLANG_ENABLE_OBJC_ARC = YES;
				CLANG_ENABLE_OBJC_WEAK = YES;
				CLANG_WARN_BLOCK_CAPTURE_AUTORELEASING = YES;
				CLANG_WARN_BOOL_CONVERSION = YES;
				CLANG_WARN_COMMA = YES;
				CLANG_WARN_CONSTANT_CONVERSION = YES;
				CLANG_WARN_DEPRECATED_OBJC_IMPLEMENTATIONS = YES;
				CLANG_WARN_DIRECT_OBJC_ISA_USAGE = YES_ERROR;
				CLANG_WARN_DOCUMENTATION_COMMENTS = YES;
				CLANG_WARN_EMPTY_BODY = YES;
				CLANG_WARN_ENUM_CONVERSION = YES;
				CLANG_WARN_INFINITE_RECURSION = YES;
				CLANG_WARN_INT_CONVERSION = YES;
				CLANG_WARN_NON_LITERAL_NULL_CONVERSION = YES;
				CLANG_WARN_OBJC_IMPLICIT_RETAIN_SELF = YES;
				CLANG_WARN_OBJC_LITERAL_CONVERSION = YES;
				CLANG_WARN_OBJC_ROOT_CLASS = YES_ERROR;
				CLANG_WARN_QUOTED_INCLUDE_IN_FRAMEWORK_HEADER = YES;
				CLANG_WARN_RANGE_LOOP_ANALYSIS = YES;
				CLANG_WARN_STRICT_PROTOTYPES = YES;
				CLANG_WARN_SUSPICIOUS_MOVE = YES;
				CLANG_WARN_UNGUARDED_AVAILABILITY = YES_AGGRESSIVE;
				CLANG_WARN_UNREACHABLE_CODE = YES;
				CLANG_WARN__DUPLICATE_METHOD_MATCH = YES;
				COPY_PHASE_STRIP = NO;
				DEBUG_INFORMATION_FORMAT = dwarf;
				ENABLE_STRICT_OBJC_MSGSEND = YES;
				ENABLE_TESTABILITY = YES;
				GCC_C_LANGUAGE_STANDARD = gnu11;
				GCC_DYNAMIC_NO_PIC = NO;
				GCC_NO_COMMON_BLOCKS = YES;
				GCC_OPTIMIZATION_LEVEL = 0;
				GCC_PREPROCESSOR_DEFINITIONS = (
					"DEBUG=1",
					"$(inherited)",
				);
				GCC_WARN_64_TO_32_BIT_CONVERSION = YES;
				GCC_WARN_ABOUT_RETURN_TYPE = YES_ERROR;
				GCC_WARN_UNDECLARED_SELECTOR = YES;
				GCC_WARN_UNINITIALIZED_AUTOS = YES_AGGRESSIVE;
				GCC_WARN_UNUSED_FUNCTION = YES;
				GCC_WARN_UNUSED_VARIABLE = YES;
				IPHONEOS_DEPLOYMENT_TARGET = 15.4;
				MTL_ENABLE_DEBUG_INFO = INCLUDE_SOURCE;
				MTL_FAST_MATH = YES;
				ONLY_ACTIVE_ARCH = YES;
				SDKROOT = iphoneos;
				SWIFT_ACTIVE_COMPILATION_CONDITIONS = DEBUG;
				SWIFT_OPTIMIZATION_LEVEL = "-Onone";
			};
			name = Debug;
		};
		9BC1686427F0AAC500F25AD2 /* Release */ = {
			isa = XCBuildConfiguration;
			buildSettings = {
				ALWAYS_SEARCH_USER_PATHS = NO;
				CLANG_ANALYZER_NONNULL = YES;
				CLANG_ANALYZER_NUMBER_OBJECT_CONVERSION = YES_AGGRESSIVE;
				CLANG_CXX_LANGUAGE_STANDARD = "gnu++17";
				CLANG_ENABLE_MODULES = YES;
				CLANG_ENABLE_OBJC_ARC = YES;
				CLANG_ENABLE_OBJC_WEAK = YES;
				CLANG_WARN_BLOCK_CAPTURE_AUTORELEASING = YES;
				CLANG_WARN_BOOL_CONVERSION = YES;
				CLANG_WARN_COMMA = YES;
				CLANG_WARN_CONSTANT_CONVERSION = YES;
				CLANG_WARN_DEPRECATED_OBJC_IMPLEMENTATIONS = YES;
				CLANG_WARN_DIRECT_OBJC_ISA_USAGE = YES_ERROR;
				CLANG_WARN_DOCUMENTATION_COMMENTS = YES;
				CLANG_WARN_EMPTY_BODY = YES;
				CLANG_WARN_ENUM_CONVERSION = YES;
				CLANG_WARN_INFINITE_RECURSION = YES;
				CLANG_WARN_INT_CONVERSION = YES;
				CLANG_WARN_NON_LITERAL_NULL_CONVERSION = YES;
				CLANG_WARN_OBJC_IMPLICIT_RETAIN_SELF = YES;
				CLANG_WARN_OBJC_LITERAL_CONVERSION = YES;
				CLANG_WARN_OBJC_ROOT_CLASS = YES_ERROR;
				CLANG_WARN_QUOTED_INCLUDE_IN_FRAMEWORK_HEADER = YES;
				CLANG_WARN_RANGE_LOOP_ANALYSIS = YES;
				CLANG_WARN_STRICT_PROTOTYPES = YES;
				CLANG_WARN_SUSPICIOUS_MOVE = YES;
				CLANG_WARN_UNGUARDED_AVAILABILITY = YES_AGGRESSIVE;
				CLANG_WARN_UNREACHABLE_CODE = YES;
				CLANG_WARN__DUPLICATE_METHOD_MATCH = YES;
				COPY_PHASE_STRIP = NO;
				DEBUG_INFORMATION_FORMAT = "dwarf-with-dsym";
				ENABLE_NS_ASSERTIONS = NO;
				ENABLE_STRICT_OBJC_MSGSEND = YES;
				GCC_C_LANGUAGE_STANDARD = gnu11;
				GCC_NO_COMMON_BLOCKS = YES;
				GCC_WARN_64_TO_32_BIT_CONVERSION = YES;
				GCC_WARN_ABOUT_RETURN_TYPE = YES_ERROR;
				GCC_WARN_UNDECLARED_SELECTOR = YES;
				GCC_WARN_UNINITIALIZED_AUTOS = YES_AGGRESSIVE;
				GCC_WARN_UNUSED_FUNCTION = YES;
				GCC_WARN_UNUSED_VARIABLE = YES;
				IPHONEOS_DEPLOYMENT_TARGET = 15.4;
				MTL_ENABLE_DEBUG_INFO = NO;
				MTL_FAST_MATH = YES;
				SDKROOT = iphoneos;
				SWIFT_COMPILATION_MODE = wholemodule;
				SWIFT_OPTIMIZATION_LEVEL = "-O";
				VALIDATE_PRODUCT = YES;
			};
			name = Release;
		};
		9BC1686627F0AAC500F25AD2 /* Debug */ = {
			isa = XCBuildConfiguration;
			baseConfigurationReference = D7E335E8B6FE57D9E7585271 /* Pods-JSONParsing.debug.xcconfig */;
			buildSettings = {
				ASSETCATALOG_COMPILER_APPICON_NAME = AppIcon;
				ASSETCATALOG_COMPILER_GLOBAL_ACCENT_COLOR_NAME = AccentColor;
				CODE_SIGN_STYLE = Automatic;
				CURRENT_PROJECT_VERSION = 1;
				DEVELOPMENT_TEAM = MXVY2MC9Y8;
				GENERATE_INFOPLIST_FILE = YES;
				INFOPLIST_FILE = JSONParsing/Info.plist;
				INFOPLIST_KEY_UIApplicationSupportsIndirectInputEvents = YES;
				INFOPLIST_KEY_UILaunchStoryboardName = LaunchScreen;
				INFOPLIST_KEY_UISupportedInterfaceOrientations_iPad = "UIInterfaceOrientationPortrait UIInterfaceOrientationPortraitUpsideDown UIInterfaceOrientationLandscapeLeft UIInterfaceOrientationLandscapeRight";
				INFOPLIST_KEY_UISupportedInterfaceOrientations_iPhone = "UIInterfaceOrientationPortrait UIInterfaceOrientationLandscapeLeft UIInterfaceOrientationLandscapeRight";
				LD_RUNPATH_SEARCH_PATHS = (
					"$(inherited)",
					"@executable_path/Frameworks",
				);
				MARKETING_VERSION = 1.0;
				PRODUCT_BUNDLE_IDENTIFIER = "-985100818-qq.com.JSONParsing";
				PRODUCT_NAME = "$(TARGET_NAME)";
				SWIFT_EMIT_LOC_STRINGS = YES;
				SWIFT_VERSION = 5.0;
				TARGETED_DEVICE_FAMILY = "1,2";
			};
			name = Debug;
		};
		9BC1686727F0AAC500F25AD2 /* Release */ = {
			isa = XCBuildConfiguration;
			baseConfigurationReference = 0F31FF8CC8299FE44B04DF91 /* Pods-JSONParsing.release.xcconfig */;
			buildSettings = {
				ASSETCATALOG_COMPILER_APPICON_NAME = AppIcon;
				ASSETCATALOG_COMPILER_GLOBAL_ACCENT_COLOR_NAME = AccentColor;
				CODE_SIGN_STYLE = Automatic;
				CURRENT_PROJECT_VERSION = 1;
				DEVELOPMENT_TEAM = MXVY2MC9Y8;
				GENERATE_INFOPLIST_FILE = YES;
				INFOPLIST_FILE = JSONParsing/Info.plist;
				INFOPLIST_KEY_UIApplicationSupportsIndirectInputEvents = YES;
				INFOPLIST_KEY_UILaunchStoryboardName = LaunchScreen;
				INFOPLIST_KEY_UISupportedInterfaceOrientations_iPad = "UIInterfaceOrientationPortrait UIInterfaceOrientationPortraitUpsideDown UIInterfaceOrientationLandscapeLeft UIInterfaceOrientationLandscapeRight";
				INFOPLIST_KEY_UISupportedInterfaceOrientations_iPhone = "UIInterfaceOrientationPortrait UIInterfaceOrientationLandscapeLeft UIInterfaceOrientationLandscapeRight";
				LD_RUNPATH_SEARCH_PATHS = (
					"$(inherited)",
					"@executable_path/Frameworks",
				);
				MARKETING_VERSION = 1.0;
				PRODUCT_BUNDLE_IDENTIFIER = "-985100818-qq.com.JSONParsing";
				PRODUCT_NAME = "$(TARGET_NAME)";
				SWIFT_EMIT_LOC_STRINGS = YES;
				SWIFT_VERSION = 5.0;
				TARGETED_DEVICE_FAMILY = "1,2";
			};
			name = Release;
		};
/* End XCBuildConfiguration section */

/* Begin XCConfigurationList section */
		9BC1684C27F0AAC500F25AD2 /* Build configuration list for PBXProject "JSONParsing" */ = {
			isa = XCConfigurationList;
			buildConfigurations = (
				9BC1686327F0AAC500F25AD2 /* Debug */,
				9BC1686427F0AAC500F25AD2 /* Release */,
			);
			defaultConfigurationIsVisible = 0;
			defaultConfigurationName = Release;
		};
		9BC1686527F0AAC500F25AD2 /* Build configuration list for PBXNativeTarget "JSONParsing" */ = {
			isa = XCConfigurationList;
			buildConfigurations = (
				9BC1686627F0AAC500F25AD2 /* Debug */,
				9BC1686727F0AAC500F25AD2 /* Release */,
			);
			defaultConfigurationIsVisible = 0;
			defaultConfigurationName = Release;
		};
/* End XCConfigurationList section */
	};
	rootObject = 9BC1684927F0AAC500F25AD2 /* Project object */;
}
